{
  "lockfile-version": 1,
  "manifest": {
    "version": 1,
    "install": {
      "opentelemetry-collector": {
        "pkg-path": "opentelemetry-collector"
      },
      "postgresql": {
        "pkg-path": "postgresql"
      },
      "uv": {
        "pkg-path": "uv"
      }
    },
    "vars": {
      "PG_TESTS": "true"
    },
    "hook": {},
    "profile": {},
    "options": {
      "systems": [
        "aarch64-darwin",
        "aarch64-linux",
        "x86_64-darwin",
        "x86_64-linux"
      ],
      "allow": {
        "licenses": []
      },
      "semver": {}
    },
    "services": {
      "otelcol": {
        "command": "otelcol --config=$FLOX_ENV_PROJECT/.run/collector/config.yaml"
      },
      "pg": {
        "command": "postgres -D $FLOX_ENV_PROJECT/.run/postgres"
      }
    }
  },
  "packages": [
    {
      "attr_path": "opentelemetry-collector",
      "broken": false,
      "derivation": "/nix/store/5jl953npdy31frf2mqij00bh66va4zys-otelcol-0.121.0.drv",
      "description": "OpenTelemetry Collector Official Releases",
      "install_id": "opentelemetry-collector",
      "license": "Apache-2.0",
      "locked_url": "https://github.com/flox/nixpkgs?rev=b6eaf97c6960d97350c584de1b6dcff03c9daf42",
      "name": "otelcol-0.121.0",
      "pname": "opentelemetry-collector",
      "rev": "b6eaf97c6960d97350c584de1b6dcff03c9daf42",
      "rev_count": 769969,
      "rev_date": "2025-03-18T09:06:34Z",
      "scrape_date": "2025-03-20T01:09:47.702383Z",
      "stabilities": [
        "unstable"
      ],
      "unfree": false,
      "version": "0.121.0",
      "outputs_to_install": [
        "out"
      ],
      "outputs": {
        "out": "/nix/store/w7w2nv7rwmi2cl32kqb11qzpi19r8f4b-otelcol-0.121.0"
      },
      "system": "aarch64-darwin",
      "group": "toplevel",
      "priority": 5
    },
    {
      "attr_path": "opentelemetry-collector",
      "broken": false,
      "derivation": "/nix/store/kbz1dj067n676qgadyjf2s2vy5crnz9v-otelcol-0.121.0.drv",
      "description": "OpenTelemetry Collector Official Releases",
      "install_id": "opentelemetry-collector",
      "license": "Apache-2.0",
      "locked_url": "https://github.com/flox/nixpkgs?rev=b6eaf97c6960d97350c584de1b6dcff03c9daf42",
      "name": "otelcol-0.121.0",
      "pname": "opentelemetry-collector",
      "rev": "b6eaf97c6960d97350c584de1b6dcff03c9daf42",
      "rev_count": 769969,
      "rev_date": "2025-03-18T09:06:34Z",
      "scrape_date": "2025-03-20T01:28:15.648955Z",
      "stabilities": [
        "unstable"
      ],
      "unfree": false,
      "version": "0.121.0",
      "outputs_to_install": [
        "out"
      ],
      "outputs": {
        "out": "/nix/store/sjx726441p46hhga44cgk5jacwyyg97y-otelcol-0.121.0"
      },
      "system": "aarch64-linux",
      "group": "toplevel",
      "priority": 5
    },
    {
      "attr_path": "opentelemetry-collector",
      "broken": false,
      "derivation": "/nix/store/7vlvnqr5kk7vjslbz0v1rrycddnxga2z-otelcol-0.121.0.drv",
      "description": "OpenTelemetry Collector Official Releases",
      "install_id": "opentelemetry-collector",
      "license": "Apache-2.0",
      "locked_url": "https://github.com/flox/nixpkgs?rev=b6eaf97c6960d97350c584de1b6dcff03c9daf42",
      "name": "otelcol-0.121.0",
      "pname": "opentelemetry-collector",
      "rev": "b6eaf97c6960d97350c584de1b6dcff03c9daf42",
      "rev_count": 769969,
      "rev_date": "2025-03-18T09:06:34Z",
      "scrape_date": "2025-03-20T01:44:41.644776Z",
      "stabilities": [
        "unstable"
      ],
      "unfree": false,
      "version": "0.121.0",
      "outputs_to_install": [
        "out"
      ],
      "outputs": {
        "out": "/nix/store/71hg7yixapv3a1gjyf4139xz9b5hyfkm-otelcol-0.121.0"
      },
      "system": "x86_64-darwin",
      "group": "toplevel",
      "priority": 5
    },
    {
      "attr_path": "opentelemetry-collector",
      "broken": false,
      "derivation": "/nix/store/2q3hl2d70a4d6bdmvrn35zxq6bgbhfwg-otelcol-0.121.0.drv",
      "description": "OpenTelemetry Collector Official Releases",
      "install_id": "opentelemetry-collector",
      "license": "Apache-2.0",
      "locked_url": "https://github.com/flox/nixpkgs?rev=b6eaf97c6960d97350c584de1b6dcff03c9daf42",
      "name": "otelcol-0.121.0",
      "pname": "opentelemetry-collector",
      "rev": "b6eaf97c6960d97350c584de1b6dcff03c9daf42",
      "rev_count": 769969,
      "rev_date": "2025-03-18T09:06:34Z",
      "scrape_date": "2025-03-20T02:04:23.243513Z",
      "stabilities": [
        "unstable"
      ],
      "unfree": false,
      "version": "0.121.0",
      "outputs_to_install": [
        "out"
      ],
      "outputs": {
        "out": "/nix/store/7a5cbvfhvfk5v5rvmafhqc5fc658gz78-otelcol-0.121.0"
      },
      "system": "x86_64-linux",
      "group": "toplevel",
      "priority": 5
    },
    {
      "attr_path": "postgresql",
      "broken": false,
      "derivation": "/nix/store/mj65i4hapnrjmyvv546c09zgf8xf0jra-postgresql-17.4.drv",
      "description": "Powerful, open source object-relational database system",
      "install_id": "postgresql",
      "license": "PostgreSQL",
      "locked_url": "https://github.com/flox/nixpkgs?rev=b6eaf97c6960d97350c584de1b6dcff03c9daf42",
      "name": "postgresql-17.4",
      "pname": "postgresql",
      "rev": "b6eaf97c6960d97350c584de1b6dcff03c9daf42",
      "rev_count": 769969,
      "rev_date": "2025-03-18T09:06:34Z",
      "scrape_date": "2025-03-20T01:09:51.813711Z",
      "stabilities": [
        "unstable"
      ],
      "unfree": false,
      "version": "17.4",
      "outputs_to_install": [
        "man",
        "out"
      ],
      "outputs": {
        "dev": "/nix/store/f07mk2fiyb1mawcbwacllfca60c3qz17-postgresql-17.4-dev",
        "doc": "/nix/store/w2d65iq22l5nfmxl33v401s40f9sk0r9-postgresql-17.4-doc",
        "lib": "/nix/store/x2252h5f8bq8vggqnki4nz9mf3drlffm-postgresql-17.4-lib",
        "man": "/nix/store/892x7nrcydcax8z88d337436di2kp50j-postgresql-17.4-man",
        "out": "/nix/store/pw8nqywmv0rx01sic5p89d8sg2ym1cq3-postgresql-17.4"
      },
      "system": "aarch64-darwin",
      "group": "toplevel",
      "priority": 5
    },
    {
      "attr_path": "postgresql",
      "broken": false,
      "derivation": "/nix/store/24mj715jm8d2369mabghlqaxwjf2vg0w-postgresql-17.4.drv",
      "description": "Powerful, open source object-relational database system",
      "install_id": "postgresql",
      "license": "PostgreSQL",
      "locked_url": "https://github.com/flox/nixpkgs?rev=b6eaf97c6960d97350c584de1b6dcff03c9daf42",
      "name": "postgresql-17.4",
      "pname": "postgresql",
      "rev": "b6eaf97c6960d97350c584de1b6dcff03c9daf42",
      "rev_count": 769969,
      "rev_date": "2025-03-18T09:06:34Z",
      "scrape_date": "2025-03-20T01:28:23.564638Z",
      "stabilities": [
        "unstable"
      ],
      "unfree": false,
      "version": "17.4",
      "outputs_to_install": [
        "man",
        "out"
      ],
      "outputs": {
        "debug": "/nix/store/xf3ldavlfw85mzgx8cj4jh5hwh9ggf0q-postgresql-17.4-debug",
        "dev": "/nix/store/0a6mqx00fncp6gvwbmm01ziazpdaakic-postgresql-17.4-dev",
        "doc": "/nix/store/1w2hxbpka86hi9xs8vydxqbfcs1a0qgh-postgresql-17.4-doc",
        "lib": "/nix/store/jc7jv38lhza1v4p22l8b7nr1yp69c5sm-postgresql-17.4-lib",
        "man": "/nix/store/hg3iabq2fjr96bdavzmqfvnya2imw03k-postgresql-17.4-man",
        "out": "/nix/store/3qyphghvw55njd2048kdagd2i3ck2lwr-postgresql-17.4"
      },
      "system": "aarch64-linux",
      "group": "toplevel",
      "priority": 5
    },
    {
      "attr_path": "postgresql",
      "broken": false,
      "derivation": "/nix/store/dh1lwl7nnriihrmqxrg1d77vhxmzd381-postgresql-17.4.drv",
      "description": "Powerful, open source object-relational database system",
      "install_id": "postgresql",
      "license": "PostgreSQL",
      "locked_url": "https://github.com/flox/nixpkgs?rev=b6eaf97c6960d97350c584de1b6dcff03c9daf42",
      "name": "postgresql-17.4",
      "pname": "postgresql",
      "rev": "b6eaf97c6960d97350c584de1b6dcff03c9daf42",
      "rev_count": 769969,
      "rev_date": "2025-03-18T09:06:34Z",
      "scrape_date": "2025-03-20T01:44:45.819452Z",
      "stabilities": [
        "unstable"
      ],
      "unfree": false,
      "version": "17.4",
      "outputs_to_install": [
        "man",
        "out"
      ],
      "outputs": {
        "dev": "/nix/store/rigq2bcccsf57a69vw0zqv3czqvak9p6-postgresql-17.4-dev",
        "doc": "/nix/store/02znrncmdg9l1xdj90m9dl619a1y831a-postgresql-17.4-doc",
        "lib": "/nix/store/rkcbd2sb8gaiawx40ydq8xcsp72ff6gj-postgresql-17.4-lib",
        "man": "/nix/store/7pqsn9z79k7fbilwp0aqadj8ncbga4pv-postgresql-17.4-man",
        "out": "/nix/store/d43lyc6xqwk4k39yzlxb037kchi33fqj-postgresql-17.4"
      },
      "system": "x86_64-darwin",
      "group": "toplevel",
      "priority": 5
    },
    {
      "attr_path": "postgresql",
      "broken": false,
      "derivation": "/nix/store/fcix1wxcckvrhg04yh2z1788294hc07l-postgresql-17.4.drv",
      "description": "Powerful, open source object-relational database system",
      "install_id": "postgresql",
      "license": "PostgreSQL",
      "locked_url": "https://github.com/flox/nixpkgs?rev=b6eaf97c6960d97350c584de1b6dcff03c9daf42",
      "name": "postgresql-17.4",
      "pname": "postgresql",
      "rev": "b6eaf97c6960d97350c584de1b6dcff03c9daf42",
      "rev_count": 769969,
      "rev_date": "2025-03-18T09:06:34Z",
      "scrape_date": "2025-03-20T02:04:31.774605Z",
      "stabilities": [
        "unstable"
      ],
      "unfree": false,
      "version": "17.4",
      "outputs_to_install": [
        "man",
        "out"
      ],
      "outputs": {
        "debug": "/nix/store/ap031b5f59xzgdp1hckbvj6qn00b55rl-postgresql-17.4-debug",
        "dev": "/nix/store/2gfhs8b7hq69mn5df6afns8jjqaavw0f-postgresql-17.4-dev",
        "doc": "/nix/store/wi5g5zylciygcwnvgv9697gwwjd6r1ma-postgresql-17.4-doc",
        "lib": "/nix/store/4mfi1s3cmbwm4059d5qg689m4pj57m4p-postgresql-17.4-lib",
        "man": "/nix/store/nq3377crls255rli4qydmcx01fhchdrm-postgresql-17.4-man",
        "out": "/nix/store/fi1qz98nl8q7ddwbbms5xssywn44ackc-postgresql-17.4"
      },
      "system": "x86_64-linux",
      "group": "toplevel",
      "priority": 5
    },
    {
      "attr_path": "uv",
      "broken": false,
      "derivation": "/nix/store/aiqd61z3naywixa158g0h802x8nlrrxr-uv-0.6.6.drv",
      "description": "Extremely fast Python package installer and resolver, written in Rust",
      "install_id": "uv",
      "license": "[ Apache-2.0, MIT ]",
      "locked_url": "https://github.com/flox/nixpkgs?rev=b6eaf97c6960d97350c584de1b6dcff03c9daf42",
      "name": "uv-0.6.6",
      "pname": "uv",
      "rev": "b6eaf97c6960d97350c584de1b6dcff03c9daf42",
      "rev_count": 769969,
      "rev_date": "2025-03-18T09:06:34Z",
      "scrape_date": "2025-03-20T01:10:32.320166Z",
      "stabilities": [
        "unstable"
      ],
      "unfree": false,
      "version": "0.6.6",
      "outputs_to_install": [
        "out"
      ],
      "outputs": {
        "out": "/nix/store/lqnkdyvl5zll2fq5a5ph17mqznms78xy-uv-0.6.6"
      },
      "system": "aarch64-darwin",
      "group": "toplevel",
      "priority": 5
    },
    {
      "attr_path": "uv",
      "broken": false,
      "derivation": "/nix/store/c8yw65ka6y72xkjddly3ycyb3vhdfjgv-uv-0.6.6.drv",
      "description": "Extremely fast Python package installer and resolver, written in Rust",
      "install_id": "uv",
      "license": "[ Apache-2.0, MIT ]",
      "locked_url": "https://github.com/flox/nixpkgs?rev=b6eaf97c6960d97350c584de1b6dcff03c9daf42",
      "name": "uv-0.6.6",
      "pname": "uv",
      "rev": "b6eaf97c6960d97350c584de1b6dcff03c9daf42",
      "rev_count": 769969,
      "rev_date": "2025-03-18T09:06:34Z",
      "scrape_date": "2025-03-20T01:29:23.276455Z",
      "stabilities": [
        "unstable"
      ],
      "unfree": false,
      "version": "0.6.6",
      "outputs_to_install": [
        "out"
      ],
      "outputs": {
        "out": "/nix/store/lspam7dhns0rh2q7gsyq40z8ly76gmcb-uv-0.6.6"
      },
      "system": "aarch64-linux",
      "group": "toplevel",
      "priority": 5
    },
    {
      "attr_path": "uv",
      "broken": false,
      "derivation": "/nix/store/qks6h00dsmq9qfdqgixwfx9bnp0b87fg-uv-0.6.6.drv",
      "description": "Extremely fast Python package installer and resolver, written in Rust",
      "install_id": "uv",
      "license": "[ Apache-2.0, MIT ]",
      "locked_url": "https://github.com/flox/nixpkgs?rev=b6eaf97c6960d97350c584de1b6dcff03c9daf42",
      "name": "uv-0.6.6",
      "pname": "uv",
      "rev": "b6eaf97c6960d97350c584de1b6dcff03c9daf42",
      "rev_count": 769969,
      "rev_date": "2025-03-18T09:06:34Z",
      "scrape_date": "2025-03-20T01:45:26.607681Z",
      "stabilities": [
        "unstable"
      ],
      "unfree": false,
      "version": "0.6.6",
      "outputs_to_install": [
        "out"
      ],
      "outputs": {
        "out": "/nix/store/nf8isgl8kgny907z7461xbm76lwqn5lc-uv-0.6.6"
      },
      "system": "x86_64-darwin",
      "group": "toplevel",
      "priority": 5
    },
    {
      "attr_path": "uv",
      "broken": false,
      "derivation": "/nix/store/dvn3ry0x5ils72fphingbgf6kpy9znxr-uv-0.6.6.drv",
      "description": "Extremely fast Python package installer and resolver, written in Rust",
      "install_id": "uv",
      "license": "[ Apache-2.0, MIT ]",
      "locked_url": "https://github.com/flox/nixpkgs?rev=b6eaf97c6960d97350c584de1b6dcff03c9daf42",
      "name": "uv-0.6.6",
      "pname": "uv",
      "rev": "b6eaf97c6960d97350c584de1b6dcff03c9daf42",
      "rev_count": 769969,
      "rev_date": "2025-03-18T09:06:34Z",
      "scrape_date": "2025-03-20T02:05:34.893061Z",
      "stabilities": [
        "unstable"
      ],
      "unfree": false,
      "version": "0.6.6",
      "outputs_to_install": [
        "out"
      ],
      "outputs": {
        "out": "/nix/store/w2r38hkwz7f9h0f3pdyzfb2ds7z9sygs-uv-0.6.6"
      },
      "system": "x86_64-linux",
      "group": "toplevel",
      "priority": 5
    }
  ]
}